
Microsoft Visual Studio Solution File, Format Version 12.00
# Visual Studio Version 17
VisualStudioVersion = 17.5.002.0
MinimumVisualStudioVersion = 10.0.40219.1
Project("{9A19103F-16F7-4668-BE54-9A1E7A4F7556}") = "SimdUnicode", "src\SimdUnicode.csproj", "{29DFE9F7-0DB7-45F5-A610-A1B8AECDFA89}"
EndProject
Project("{9A19103F-16F7-4668-BE54-9A1E7A4F7556}") = "tests", "test\tests.csproj", "{DD6B1E46-17B4-4CB1-A2A8-C28E5B19BF38}"
EndProject
Project("{9A19103F-16F7-4668-BE54-9A1E7A4F7556}") = "benchmark", "benchmark\benchmark.csproj", "{780E7B51-0303-4DCB-AAF5-4882BA7BD84A}"
EndProject
Project("{2150E333-8FDC-42A3-9474-1A3956D46DE8}") = "benchmark (1)", "benchmark", "{36A6FB3D-CBFC-477F-8A8E-ADED2BA17CE9}"
EndProject
Project("{2150E333-8FDC-42A3-9474-1A3956D46DE8}") = "bin", "bin", "{E41E7CBC-5B72-411D-8001-22A51B2D379E}"
EndProject
Project("{2150E333-8FDC-42A3-9474-1A3956D46DE8}") = "Release", "Release", "{D770451B-C454-456F-B8B6-127F9C200529}"
EndProject
Project("{2150E333-8FDC-42A3-9474-1A3956D46DE8}") = "net7.0", "net7.0", "{8A3C7672-B7AE-4B06-8C59-B8A7CC59CEB1}"
EndProject
Project("{9A19103F-16F7-4668-BE54-9A1E7A4F7556}") = "BenchmarkDotNet.Autogenerated", "benchmark\bin\Release\net7.0\dfbf1592-71b0-4fa8-8a38-75c748e57895\BenchmarkDotNet.Autogenerated.csproj", "{307DF69F-1CA2-4F52-A09E-A3E902A4AABE}"
EndProject
Project("{9A19103F-16F7-4668-BE54-9A1E7A4F7556}") = "BenchmarkDotNet.Autogenerated (1)", "benchmark\bin\Release\net7.0\984f4e71-bd9a-4723-99d2-2b82eed027b9\BenchmarkDotNet.Autogenerated.csproj", "{78DA3C69-A6CC-46DB-A9E5-B73E6480B935}"
EndProject
Project("{9A19103F-16F7-4668-BE54-9A1E7A4F7556}") = "BenchmarkDotNet.Autogenerated (2)", "benchmark\bin\Release\net7.0\9c6d6db5-a2ed-4981-8b16-701aaa84a42b\BenchmarkDotNet.Autogenerated.csproj", "{5B9F3D3A-2CD8-40B6-87F9-1526C813A8A1}"
EndProject
Project("{9A19103F-16F7-4668-BE54-9A1E7A4F7556}") = "BenchmarkDotNet.Autogenerated (3)", "benchmark\bin\Release\net7.0\90090881-7d41-439d-baea-2e83fdcedcd4\BenchmarkDotNet.Autogenerated.csproj", "{9E35D242-1A41-4A3B-BE6B-CEAFC6016F51}"
EndProject
Project("{2150E333-8FDC-42A3-9474-1A3956D46DE8}") = "net8.0", "net8.0", "{BC2EAA3E-F556-4200-AEE8-14771C6BFB36}"
EndProject
Project("{9A19103F-16F7-4668-BE54-9A1E7A4F7556}") = "BenchmarkDotNet.Autogenerated", "benchmark\bin\Release\net8.0\83f783db-00f1-41f7-8cdd-994792ad41a1\BenchmarkDotNet.Autogenerated.csproj", "{B31C9B6F-98B4-4067-BBFB-577C9C57C660}"
EndProject
Project("{9A19103F-16F7-4668-BE54-9A1E7A4F7556}") = "BenchmarkDotNet.Autogenerated (1)", "benchmark\bin\Release\net8.0\f945591d-e6ec-4db9-8da5-de750c92a8ea\BenchmarkDotNet.Autogenerated.csproj", "{EF15213E-AC62-48B1-918C-0E0D65317E25}"
EndProject
Project("{9A19103F-16F7-4668-BE54-9A1E7A4F7556}") = "BenchmarkDotNet.Autogenerated (2)", "benchmark\bin\Release\net8.0\f97044da-b17b-4e76-9424-14ed887239f5\BenchmarkDotNet.Autogenerated.csproj", "{940426DA-423C-43F2-BE70-866E9B0B1270}"
EndProject
Project("{9A19103F-16F7-4668-BE54-9A1E7A4F7556}") = "BenchmarkDotNet.Autogenerated (3)", "benchmark\bin\Release\net8.0\fda4204c-be47-4316-aab7-6e87b43d5fbd\BenchmarkDotNet.Autogenerated.csproj", "{91FC5A7F-4096-46E6-9449-51B00CB454A0}"
EndProject
Project("{9A19103F-16F7-4668-BE54-9A1E7A4F7556}") = "BenchmarkDotNet.Autogenerated (4)", "benchmark\bin\Release\net8.0\a9d0b6cc-f811-4f3d-a7db-af08e79a3843\BenchmarkDotNet.Autogenerated.csproj", "{A86AC102-E7FF-458F-A848-D69732643D3D}"
EndProject
Project("{9A19103F-16F7-4668-BE54-9A1E7A4F7556}") = "BenchmarkDotNet.Autogenerated (5)", "benchmark\bin\Release\net8.0\3e85fc82-0891-4d42-9def-b7b2c28a0fc1\BenchmarkDotNet.Autogenerated.csproj", "{55A7AAE4-8FB3-49F9-8207-8CC03FE6B1E6}"
EndProject
Project("{9A19103F-16F7-4668-BE54-9A1E7A4F7556}") = "BenchmarkDotNet.Autogenerated (6)", "benchmark\bin\Release\net8.0\78bf2077-5363-40d6-9089-203249e88441\BenchmarkDotNet.Autogenerated.csproj", "{992412CA-F2DD-4160-A909-B20C0BDE0A4D}"
EndProject
Project("{9A19103F-16F7-4668-BE54-9A1E7A4F7556}") = "BenchmarkDotNet.Autogenerated (7)", "benchmark\bin\Release\net8.0\31da4ac9-5808-40a5-a42a-36a4e47bf693\BenchmarkDotNet.Autogenerated.csproj", "{FD8FEBA6-FA44-4570-BC7F-6DEFC5324C21}"
EndProject
Project("{9A19103F-16F7-4668-BE54-9A1E7A4F7556}") = "BenchmarkDotNet.Autogenerated (8)", "benchmark\bin\Release\net8.0\44874fdc-bc03-44f8-9b49-cf1a963fd5fa\BenchmarkDotNet.Autogenerated.csproj", "{4A9B1451-FBC7-4251-B40D-A12A439FE670}"
EndProject
Project("{9A19103F-16F7-4668-BE54-9A1E7A4F7556}") = "BenchmarkDotNet.Autogenerated (9)", "benchmark\bin\Release\net8.0\968e6c2c-102c-4e61-a060-fb850ffe5296\BenchmarkDotNet.Autogenerated.csproj", "{AC783500-17B7-4508-91BC-C8C1482CC2DF}"
EndProject
Global
	GlobalSection(SolutionConfigurationPlatforms) = preSolution
		Debug|Any CPU = Debug|Any CPU
		Release|Any CPU = Release|Any CPU
	EndGlobalSection
	GlobalSection(ProjectConfigurationPlatforms) = postSolution
		{29DFE9F7-0DB7-45F5-A610-A1B8AECDFA89}.Debug|Any CPU.ActiveCfg = Debug|Any CPU
		{29DFE9F7-0DB7-45F5-A610-A1B8AECDFA89}.Debug|Any CPU.Build.0 = Debug|Any CPU
		{29DFE9F7-0DB7-45F5-A610-A1B8AECDFA89}.Release|Any CPU.ActiveCfg = Release|Any CPU
		{29DFE9F7-0DB7-45F5-A610-A1B8AECDFA89}.Release|Any CPU.Build.0 = Release|Any CPU
		{DD6B1E46-17B4-4CB1-A2A8-C28E5B19BF38}.Debug|Any CPU.ActiveCfg = Debug|Any CPU
		{DD6B1E46-17B4-4CB1-A2A8-C28E5B19BF38}.Debug|Any CPU.Build.0 = Debug|Any CPU
		{DD6B1E46-17B4-4CB1-A2A8-C28E5B19BF38}.Release|Any CPU.ActiveCfg = Release|Any CPU
		{DD6B1E46-17B4-4CB1-A2A8-C28E5B19BF38}.Release|Any CPU.Build.0 = Release|Any CPU
		{780E7B51-0303-4DCB-AAF5-4882BA7BD84A}.Debug|Any CPU.ActiveCfg = Debug|Any CPU
		{780E7B51-0303-4DCB-AAF5-4882BA7BD84A}.Debug|Any CPU.Build.0 = Debug|Any CPU
		{780E7B51-0303-4DCB-AAF5-4882BA7BD84A}.Release|Any CPU.ActiveCfg = Release|Any CPU
		{780E7B51-0303-4DCB-AAF5-4882BA7BD84A}.Release|Any CPU.Build.0 = Release|Any CPU
		{307DF69F-1CA2-4F52-A09E-A3E902A4AABE}.Debug|Any CPU.ActiveCfg = Debug|Any CPU
		{307DF69F-1CA2-4F52-A09E-A3E902A4AABE}.Debug|Any CPU.Build.0 = Debug|Any CPU
		{307DF69F-1CA2-4F52-A09E-A3E902A4AABE}.Release|Any CPU.ActiveCfg = Release|Any CPU
		{307DF69F-1CA2-4F52-A09E-A3E902A4AABE}.Release|Any CPU.Build.0 = Release|Any CPU
		{78DA3C69-A6CC-46DB-A9E5-B73E6480B935}.Debug|Any CPU.ActiveCfg = Debug|Any CPU
		{78DA3C69-A6CC-46DB-A9E5-B73E6480B935}.Debug|Any CPU.Build.0 = Debug|Any CPU
		{78DA3C69-A6CC-46DB-A9E5-B73E6480B935}.Release|Any CPU.ActiveCfg = Release|Any CPU
		{78DA3C69-A6CC-46DB-A9E5-B73E6480B935}.Release|Any CPU.Build.0 = Release|Any CPU
		{5B9F3D3A-2CD8-40B6-87F9-1526C813A8A1}.Debug|Any CPU.ActiveCfg = Debug|Any CPU
		{5B9F3D3A-2CD8-40B6-87F9-1526C813A8A1}.Debug|Any CPU.Build.0 = Debug|Any CPU
		{5B9F3D3A-2CD8-40B6-87F9-1526C813A8A1}.Release|Any CPU.ActiveCfg = Release|Any CPU
		{5B9F3D3A-2CD8-40B6-87F9-1526C813A8A1}.Release|Any CPU.Build.0 = Release|Any CPU
		{9E35D242-1A41-4A3B-BE6B-CEAFC6016F51}.Debug|Any CPU.ActiveCfg = Debug|Any CPU
		{9E35D242-1A41-4A3B-BE6B-CEAFC6016F51}.Debug|Any CPU.Build.0 = Debug|Any CPU
		{9E35D242-1A41-4A3B-BE6B-CEAFC6016F51}.Release|Any CPU.ActiveCfg = Release|Any CPU
		{9E35D242-1A41-4A3B-BE6B-CEAFC6016F51}.Release|Any CPU.Build.0 = Release|Any CPU
		{B31C9B6F-98B4-4067-BBFB-577C9C57C660}.Debug|Any CPU.ActiveCfg = Debug|Any CPU
		{B31C9B6F-98B4-4067-BBFB-577C9C57C660}.Debug|Any CPU.Build.0 = Debug|Any CPU
		{B31C9B6F-98B4-4067-BBFB-577C9C57C660}.Release|Any CPU.ActiveCfg = Release|Any CPU
		{B31C9B6F-98B4-4067-BBFB-577C9C57C660}.Release|Any CPU.Build.0 = Release|Any CPU
		{EF15213E-AC62-48B1-918C-0E0D65317E25}.Debug|Any CPU.ActiveCfg = Debug|Any CPU
		{EF15213E-AC62-48B1-918C-0E0D65317E25}.Debug|Any CPU.Build.0 = Debug|Any CPU
		{EF15213E-AC62-48B1-918C-0E0D65317E25}.Release|Any CPU.ActiveCfg = Release|Any CPU
		{EF15213E-AC62-48B1-918C-0E0D65317E25}.Release|Any CPU.Build.0 = Release|Any CPU
		{940426DA-423C-43F2-BE70-866E9B0B1270}.Debug|Any CPU.ActiveCfg = Debug|Any CPU
		{940426DA-423C-43F2-BE70-866E9B0B1270}.Debug|Any CPU.Build.0 = Debug|Any CPU
		{940426DA-423C-43F2-BE70-866E9B0B1270}.Release|Any CPU.ActiveCfg = Release|Any CPU
		{940426DA-423C-43F2-BE70-866E9B0B1270}.Release|Any CPU.Build.0 = Release|Any CPU
		{91FC5A7F-4096-46E6-9449-51B00CB454A0}.Debug|Any CPU.ActiveCfg = Debug|Any CPU
		{91FC5A7F-4096-46E6-9449-51B00CB454A0}.Debug|Any CPU.Build.0 = Debug|Any CPU
		{91FC5A7F-4096-46E6-9449-51B00CB454A0}.Release|Any CPU.ActiveCfg = Release|Any CPU
		{91FC5A7F-4096-46E6-9449-51B00CB454A0}.Release|Any CPU.Build.0 = Release|Any CPU
		{A86AC102-E7FF-458F-A848-D69732643D3D}.Debug|Any CPU.ActiveCfg = Debug|Any CPU
		{A86AC102-E7FF-458F-A848-D69732643D3D}.Debug|Any CPU.Build.0 = Debug|Any CPU
		{A86AC102-E7FF-458F-A848-D69732643D3D}.Release|Any CPU.ActiveCfg = Release|Any CPU
		{A86AC102-E7FF-458F-A848-D69732643D3D}.Release|Any CPU.Build.0 = Release|Any CPU
		{55A7AAE4-8FB3-49F9-8207-8CC03FE6B1E6}.Debug|Any CPU.ActiveCfg = Debug|Any CPU
		{55A7AAE4-8FB3-49F9-8207-8CC03FE6B1E6}.Debug|Any CPU.Build.0 = Debug|Any CPU
		{55A7AAE4-8FB3-49F9-8207-8CC03FE6B1E6}.Release|Any CPU.ActiveCfg = Release|Any CPU
		{55A7AAE4-8FB3-49F9-8207-8CC03FE6B1E6}.Release|Any CPU.Build.0 = Release|Any CPU
		{992412CA-F2DD-4160-A909-B20C0BDE0A4D}.Debug|Any CPU.ActiveCfg = Debug|Any CPU
		{992412CA-F2DD-4160-A909-B20C0BDE0A4D}.Debug|Any CPU.Build.0 = Debug|Any CPU
		{992412CA-F2DD-4160-A909-B20C0BDE0A4D}.Release|Any CPU.ActiveCfg = Release|Any CPU
		{992412CA-F2DD-4160-A909-B20C0BDE0A4D}.Release|Any CPU.Build.0 = Release|Any CPU
		{FD8FEBA6-FA44-4570-BC7F-6DEFC5324C21}.Debug|Any CPU.ActiveCfg = Debug|Any CPU
		{FD8FEBA6-FA44-4570-BC7F-6DEFC5324C21}.Debug|Any CPU.Build.0 = Debug|Any CPU
		{FD8FEBA6-FA44-4570-BC7F-6DEFC5324C21}.Release|Any CPU.ActiveCfg = Release|Any CPU
		{FD8FEBA6-FA44-4570-BC7F-6DEFC5324C21}.Release|Any CPU.Build.0 = Release|Any CPU
		{4A9B1451-FBC7-4251-B40D-A12A439FE670}.Debug|Any CPU.ActiveCfg = Debug|Any CPU
		{4A9B1451-FBC7-4251-B40D-A12A439FE670}.Debug|Any CPU.Build.0 = Debug|Any CPU
		{4A9B1451-FBC7-4251-B40D-A12A439FE670}.Release|Any CPU.ActiveCfg = Release|Any CPU
		{4A9B1451-FBC7-4251-B40D-A12A439FE670}.Release|Any CPU.Build.0 = Release|Any CPU
		{AC783500-17B7-4508-91BC-C8C1482CC2DF}.Debug|Any CPU.ActiveCfg = Debug|Any CPU
		{AC783500-17B7-4508-91BC-C8C1482CC2DF}.Debug|Any CPU.Build.0 = Debug|Any CPU
		{AC783500-17B7-4508-91BC-C8C1482CC2DF}.Release|Any CPU.ActiveCfg = Release|Any CPU
		{AC783500-17B7-4508-91BC-C8C1482CC2DF}.Release|Any CPU.Build.0 = Release|Any CPU
	EndGlobalSection
	GlobalSection(SolutionProperties) = preSolution
		HideSolutionNode = FALSE
	EndGlobalSection
	GlobalSection(NestedProjects) = preSolution
		{E41E7CBC-5B72-411D-8001-22A51B2D379E} = {36A6FB3D-CBFC-477F-8A8E-ADED2BA17CE9}
		{D770451B-C454-456F-B8B6-127F9C200529} = {E41E7CBC-5B72-411D-8001-22A51B2D379E}
		{8A3C7672-B7AE-4B06-8C59-B8A7CC59CEB1} = {D770451B-C454-456F-B8B6-127F9C200529}
		{307DF69F-1CA2-4F52-A09E-A3E902A4AABE} = {8A3C7672-B7AE-4B06-8C59-B8A7CC59CEB1}
		{78DA3C69-A6CC-46DB-A9E5-B73E6480B935} = {8A3C7672-B7AE-4B06-8C59-B8A7CC59CEB1}
		{5B9F3D3A-2CD8-40B6-87F9-1526C813A8A1} = {8A3C7672-B7AE-4B06-8C59-B8A7CC59CEB1}
		{9E35D242-1A41-4A3B-BE6B-CEAFC6016F51} = {8A3C7672-B7AE-4B06-8C59-B8A7CC59CEB1}
		{BC2EAA3E-F556-4200-AEE8-14771C6BFB36} = {D770451B-C454-456F-B8B6-127F9C200529}
		{B31C9B6F-98B4-4067-BBFB-577C9C57C660} = {BC2EAA3E-F556-4200-AEE8-14771C6BFB36}
		{EF15213E-AC62-48B1-918C-0E0D65317E25} = {BC2EAA3E-F556-4200-AEE8-14771C6BFB36}
		{940426DA-423C-43F2-BE70-866E9B0B1270} = {BC2EAA3E-F556-4200-AEE8-14771C6BFB36}
		{91FC5A7F-4096-46E6-9449-51B00CB454A0} = {BC2EAA3E-F556-4200-AEE8-14771C6BFB36}
		{A86AC102-E7FF-458F-A848-D69732643D3D} = {BC2EAA3E-F556-4200-AEE8-14771C6BFB36}
		{55A7AAE4-8FB3-49F9-8207-8CC03FE6B1E6} = {BC2EAA3E-F556-4200-AEE8-14771C6BFB36}
		{992412CA-F2DD-4160-A909-B20C0BDE0A4D} = {BC2EAA3E-F556-4200-AEE8-14771C6BFB36}
		{FD8FEBA6-FA44-4570-BC7F-6DEFC5324C21} = {BC2EAA3E-F556-4200-AEE8-14771C6BFB36}
		{4A9B1451-FBC7-4251-B40D-A12A439FE670} = {BC2EAA3E-F556-4200-AEE8-14771C6BFB36}
		{AC783500-17B7-4508-91BC-C8C1482CC2DF} = {BC2EAA3E-F556-4200-AEE8-14771C6BFB36}
	EndGlobalSection
	GlobalSection(ExtensibilityGlobals) = postSolution
		SolutionGuid = {FFD9FAA3-FC99-4BD9-8C77-091FF795851A}
	EndGlobalSection
EndGlobal
