
Microsoft Visual Studio Solution File, Format Version 12.00
# Visual Studio Version 17
VisualStudioVersion = 17.5.002.0
MinimumVisualStudioVersion = 10.0.40219.1
Project("{9A19103F-16F7-4668-BE54-9A1E7A4F7556}") = "SimdUnicode", "src\SimdUnicode.csproj", "{81B18536-2972-41C9-BF63-9F49455795EB}"
EndProject
Project("{9A19103F-16F7-4668-BE54-9A1E7A4F7556}") = "tests", "test\tests.csproj", "{88703C90-C3FD-4B96-8AA7-45DCDBCC78BF}"
EndProject
Project("{9A19103F-16F7-4668-BE54-9A1E7A4F7556}") = "benchmark", "benchmark\benchmark.csproj", "{42CCE7DD-A529-425E-8432-19D87D812287}"
EndProject
Project("{2150E333-8FDC-42A3-9474-1A3956D46DE8}") = "benchmark (1)", "benchmark", "{38BADF01-2510-466B-B09D-4AC41A530C33}"
EndProject
Project("{2150E333-8FDC-42A3-9474-1A3956D46DE8}") = "bin", "bin", "{CEFFB429-F1DE-4C97-B718-B9D196112D92}"
EndProject
Project("{2150E333-8FDC-42A3-9474-1A3956D46DE8}") = "Release", "Release", "{95FC031D-F5E5-4705-A0DB-64DEFC78C1B2}"
EndProject
Project("{2150E333-8FDC-42A3-9474-1A3956D46DE8}") = "net7.0", "net7.0", "{D61E1332-4D5B-46B3-AA8F-7400B700C024}"
EndProject
Project("{9A19103F-16F7-4668-BE54-9A1E7A4F7556}") = "BenchmarkDotNet.Autogenerated", "benchmark\bin\Release\net7.0\dfbf1592-71b0-4fa8-8a38-75c748e57895\BenchmarkDotNet.Autogenerated.csproj", "{09E8CEF1-291D-4147-98FF-1B8DD9CEE0CC}"
EndProject
Project("{9A19103F-16F7-4668-BE54-9A1E7A4F7556}") = "BenchmarkDotNet.Autogenerated (1)", "benchmark\bin\Release\net7.0\984f4e71-bd9a-4723-99d2-2b82eed027b9\BenchmarkDotNet.Autogenerated.csproj", "{A7931A1E-53DD-40D9-B5BC-E0945ABA1D32}"
EndProject
Project("{9A19103F-16F7-4668-BE54-9A1E7A4F7556}") = "BenchmarkDotNet.Autogenerated (2)", "benchmark\bin\Release\net7.0\9c6d6db5-a2ed-4981-8b16-701aaa84a42b\BenchmarkDotNet.Autogenerated.csproj", "{0CBA9E86-3FB1-4F6D-A875-8E37D4D2B841}"
EndProject
Project("{9A19103F-16F7-4668-BE54-9A1E7A4F7556}") = "BenchmarkDotNet.Autogenerated (3)", "benchmark\bin\Release\net7.0\90090881-7d41-439d-baea-2e83fdcedcd4\BenchmarkDotNet.Autogenerated.csproj", "{7C31773E-F54C-4530-AA2B-40D21385F3E7}"
EndProject
Project("{2150E333-8FDC-42A3-9474-1A3956D46DE8}") = "net8.0", "net8.0", "{CE3C1AD0-CD2B-4DE1-9627-512373C5C716}"
EndProject
Project("{9A19103F-16F7-4668-BE54-9A1E7A4F7556}") = "BenchmarkDotNet.Autogenerated", "benchmark\bin\Release\net8.0\f97044da-b17b-4e76-9424-14ed887239f5\BenchmarkDotNet.Autogenerated.csproj", "{C8E64685-5758-4E6D-80BE-1AD4377C9E03}"
EndProject
Project("{9A19103F-16F7-4668-BE54-9A1E7A4F7556}") = "BenchmarkDotNet.Autogenerated (1)", "benchmark\bin\Release\net8.0\fda4204c-be47-4316-aab7-6e87b43d5fbd\BenchmarkDotNet.Autogenerated.csproj", "{66E51E83-0313-44B8-8DCC-30C6A3F2EC16}"
EndProject
Project("{9A19103F-16F7-4668-BE54-9A1E7A4F7556}") = "BenchmarkDotNet.Autogenerated (2)", "benchmark\bin\Release\net8.0\a9d0b6cc-f811-4f3d-a7db-af08e79a3843\BenchmarkDotNet.Autogenerated.csproj", "{A99781B9-9D15-4C22-9B65-59C7407B398C}"
EndProject
Project("{9A19103F-16F7-4668-BE54-9A1E7A4F7556}") = "BenchmarkDotNet.Autogenerated (3)", "benchmark\bin\Release\net8.0\78bf2077-5363-40d6-9089-203249e88441\BenchmarkDotNet.Autogenerated.csproj", "{D76606D2-27F8-42A4-8525-BFAD36CE2F51}"
EndProject
Project("{9A19103F-16F7-4668-BE54-9A1E7A4F7556}") = "BenchmarkDotNet.Autogenerated (4)", "benchmark\bin\Release\net8.0\44874fdc-bc03-44f8-9b49-cf1a963fd5fa\BenchmarkDotNet.Autogenerated.csproj", "{B76DC8EB-0F67-43C9-88EA-94051B6123B1}"
EndProject
Global
	GlobalSection(SolutionConfigurationPlatforms) = preSolution
		Debug|Any CPU = Debug|Any CPU
		Release|Any CPU = Release|Any CPU
	EndGlobalSection
	GlobalSection(ProjectConfigurationPlatforms) = postSolution
		{81B18536-2972-41C9-BF63-9F49455795EB}.Debug|Any CPU.ActiveCfg = Debug|Any CPU
		{81B18536-2972-41C9-BF63-9F49455795EB}.Debug|Any CPU.Build.0 = Debug|Any CPU
		{81B18536-2972-41C9-BF63-9F49455795EB}.Release|Any CPU.ActiveCfg = Release|Any CPU
		{81B18536-2972-41C9-BF63-9F49455795EB}.Release|Any CPU.Build.0 = Release|Any CPU
		{88703C90-C3FD-4B96-8AA7-45DCDBCC78BF}.Debug|Any CPU.ActiveCfg = Debug|Any CPU
		{88703C90-C3FD-4B96-8AA7-45DCDBCC78BF}.Debug|Any CPU.Build.0 = Debug|Any CPU
		{88703C90-C3FD-4B96-8AA7-45DCDBCC78BF}.Release|Any CPU.ActiveCfg = Release|Any CPU
		{88703C90-C3FD-4B96-8AA7-45DCDBCC78BF}.Release|Any CPU.Build.0 = Release|Any CPU
		{42CCE7DD-A529-425E-8432-19D87D812287}.Debug|Any CPU.ActiveCfg = Debug|Any CPU
		{42CCE7DD-A529-425E-8432-19D87D812287}.Debug|Any CPU.Build.0 = Debug|Any CPU
		{42CCE7DD-A529-425E-8432-19D87D812287}.Release|Any CPU.ActiveCfg = Release|Any CPU
		{42CCE7DD-A529-425E-8432-19D87D812287}.Release|Any CPU.Build.0 = Release|Any CPU
		{09E8CEF1-291D-4147-98FF-1B8DD9CEE0CC}.Debug|Any CPU.ActiveCfg = Debug|Any CPU
		{09E8CEF1-291D-4147-98FF-1B8DD9CEE0CC}.Debug|Any CPU.Build.0 = Debug|Any CPU
		{09E8CEF1-291D-4147-98FF-1B8DD9CEE0CC}.Release|Any CPU.ActiveCfg = Release|Any CPU
		{09E8CEF1-291D-4147-98FF-1B8DD9CEE0CC}.Release|Any CPU.Build.0 = Release|Any CPU
		{A7931A1E-53DD-40D9-B5BC-E0945ABA1D32}.Debug|Any CPU.ActiveCfg = Debug|Any CPU
		{A7931A1E-53DD-40D9-B5BC-E0945ABA1D32}.Debug|Any CPU.Build.0 = Debug|Any CPU
		{A7931A1E-53DD-40D9-B5BC-E0945ABA1D32}.Release|Any CPU.ActiveCfg = Release|Any CPU
		{A7931A1E-53DD-40D9-B5BC-E0945ABA1D32}.Release|Any CPU.Build.0 = Release|Any CPU
		{0CBA9E86-3FB1-4F6D-A875-8E37D4D2B841}.Debug|Any CPU.ActiveCfg = Debug|Any CPU
		{0CBA9E86-3FB1-4F6D-A875-8E37D4D2B841}.Debug|Any CPU.Build.0 = Debug|Any CPU
		{0CBA9E86-3FB1-4F6D-A875-8E37D4D2B841}.Release|Any CPU.ActiveCfg = Release|Any CPU
		{0CBA9E86-3FB1-4F6D-A875-8E37D4D2B841}.Release|Any CPU.Build.0 = Release|Any CPU
		{7C31773E-F54C-4530-AA2B-40D21385F3E7}.Debug|Any CPU.ActiveCfg = Debug|Any CPU
		{7C31773E-F54C-4530-AA2B-40D21385F3E7}.Debug|Any CPU.Build.0 = Debug|Any CPU
		{7C31773E-F54C-4530-AA2B-40D21385F3E7}.Release|Any CPU.ActiveCfg = Release|Any CPU
		{7C31773E-F54C-4530-AA2B-40D21385F3E7}.Release|Any CPU.Build.0 = Release|Any CPU
		{C8E64685-5758-4E6D-80BE-1AD4377C9E03}.Debug|Any CPU.ActiveCfg = Debug|Any CPU
		{C8E64685-5758-4E6D-80BE-1AD4377C9E03}.Debug|Any CPU.Build.0 = Debug|Any CPU
		{C8E64685-5758-4E6D-80BE-1AD4377C9E03}.Release|Any CPU.ActiveCfg = Release|Any CPU
		{C8E64685-5758-4E6D-80BE-1AD4377C9E03}.Release|Any CPU.Build.0 = Release|Any CPU
		{66E51E83-0313-44B8-8DCC-30C6A3F2EC16}.Debug|Any CPU.ActiveCfg = Debug|Any CPU
		{66E51E83-0313-44B8-8DCC-30C6A3F2EC16}.Debug|Any CPU.Build.0 = Debug|Any CPU
		{66E51E83-0313-44B8-8DCC-30C6A3F2EC16}.Release|Any CPU.ActiveCfg = Release|Any CPU
		{66E51E83-0313-44B8-8DCC-30C6A3F2EC16}.Release|Any CPU.Build.0 = Release|Any CPU
		{A99781B9-9D15-4C22-9B65-59C7407B398C}.Debug|Any CPU.ActiveCfg = Debug|Any CPU
		{A99781B9-9D15-4C22-9B65-59C7407B398C}.Debug|Any CPU.Build.0 = Debug|Any CPU
		{A99781B9-9D15-4C22-9B65-59C7407B398C}.Release|Any CPU.ActiveCfg = Release|Any CPU
		{A99781B9-9D15-4C22-9B65-59C7407B398C}.Release|Any CPU.Build.0 = Release|Any CPU
		{D76606D2-27F8-42A4-8525-BFAD36CE2F51}.Debug|Any CPU.ActiveCfg = Debug|Any CPU
		{D76606D2-27F8-42A4-8525-BFAD36CE2F51}.Debug|Any CPU.Build.0 = Debug|Any CPU
		{D76606D2-27F8-42A4-8525-BFAD36CE2F51}.Release|Any CPU.ActiveCfg = Release|Any CPU
		{D76606D2-27F8-42A4-8525-BFAD36CE2F51}.Release|Any CPU.Build.0 = Release|Any CPU
		{B76DC8EB-0F67-43C9-88EA-94051B6123B1}.Debug|Any CPU.ActiveCfg = Debug|Any CPU
		{B76DC8EB-0F67-43C9-88EA-94051B6123B1}.Debug|Any CPU.Build.0 = Debug|Any CPU
		{B76DC8EB-0F67-43C9-88EA-94051B6123B1}.Release|Any CPU.ActiveCfg = Release|Any CPU
		{B76DC8EB-0F67-43C9-88EA-94051B6123B1}.Release|Any CPU.Build.0 = Release|Any CPU
	EndGlobalSection
	GlobalSection(SolutionProperties) = preSolution
		HideSolutionNode = FALSE
	EndGlobalSection
	GlobalSection(NestedProjects) = preSolution
		{CEFFB429-F1DE-4C97-B718-B9D196112D92} = {38BADF01-2510-466B-B09D-4AC41A530C33}
		{95FC031D-F5E5-4705-A0DB-64DEFC78C1B2} = {CEFFB429-F1DE-4C97-B718-B9D196112D92}
		{D61E1332-4D5B-46B3-AA8F-7400B700C024} = {95FC031D-F5E5-4705-A0DB-64DEFC78C1B2}
		{09E8CEF1-291D-4147-98FF-1B8DD9CEE0CC} = {D61E1332-4D5B-46B3-AA8F-7400B700C024}
		{A7931A1E-53DD-40D9-B5BC-E0945ABA1D32} = {D61E1332-4D5B-46B3-AA8F-7400B700C024}
		{0CBA9E86-3FB1-4F6D-A875-8E37D4D2B841} = {D61E1332-4D5B-46B3-AA8F-7400B700C024}
		{7C31773E-F54C-4530-AA2B-40D21385F3E7} = {D61E1332-4D5B-46B3-AA8F-7400B700C024}
		{CE3C1AD0-CD2B-4DE1-9627-512373C5C716} = {95FC031D-F5E5-4705-A0DB-64DEFC78C1B2}
		{C8E64685-5758-4E6D-80BE-1AD4377C9E03} = {CE3C1AD0-CD2B-4DE1-9627-512373C5C716}
		{66E51E83-0313-44B8-8DCC-30C6A3F2EC16} = {CE3C1AD0-CD2B-4DE1-9627-512373C5C716}
		{A99781B9-9D15-4C22-9B65-59C7407B398C} = {CE3C1AD0-CD2B-4DE1-9627-512373C5C716}
		{D76606D2-27F8-42A4-8525-BFAD36CE2F51} = {CE3C1AD0-CD2B-4DE1-9627-512373C5C716}
		{B76DC8EB-0F67-43C9-88EA-94051B6123B1} = {CE3C1AD0-CD2B-4DE1-9627-512373C5C716}
	EndGlobalSection
	GlobalSection(ExtensibilityGlobals) = postSolution
		SolutionGuid = {CC2B60A8-7AAF-4686-93BD-25F13B7337EB}
	EndGlobalSection
EndGlobal
