
Microsoft Visual Studio Solution File, Format Version 12.00
# Visual Studio Version 17
VisualStudioVersion = 17.5.002.0
MinimumVisualStudioVersion = 10.0.40219.1
Project("{9A19103F-16F7-4668-BE54-9A1E7A4F7556}") = "SimdUnicode", "src\SimdUnicode.csproj", "{C6E86BA3-79C4-40E4-AFC6-BAB6AC896277}"
EndProject
Project("{9A19103F-16F7-4668-BE54-9A1E7A4F7556}") = "tests", "test\tests.csproj", "{22CED6F5-055D-45CC-BAFB-BA97AAA6DA81}"
EndProject
Project("{9A19103F-16F7-4668-BE54-9A1E7A4F7556}") = "benchmark", "benchmark\benchmark.csproj", "{9E52D52F-19CE-4E24-B70D-7FC9B2472465}"
EndProject
Project("{2150E333-8FDC-42A3-9474-1A3956D46DE8}") = "benchmark (1)", "benchmark", "{736D1A0F-C335-4E0F-9E3A-A4DBF01140D9}"
EndProject
Project("{2150E333-8FDC-42A3-9474-1A3956D46DE8}") = "bin", "bin", "{2E348B52-AF82-4721-9F7C-052BC394C15F}"
EndProject
Project("{2150E333-8FDC-42A3-9474-1A3956D46DE8}") = "Release", "Release", "{A1E569E3-72F1-42B0-AFDA-5CAFCF11DE32}"
EndProject
Project("{2150E333-8FDC-42A3-9474-1A3956D46DE8}") = "net7.0", "net7.0", "{9B3ECF72-5A27-4421-B46D-9AD5BFEABD96}"
EndProject
Project("{9A19103F-16F7-4668-BE54-9A1E7A4F7556}") = "BenchmarkDotNet.Autogenerated", "benchmark\bin\Release\net7.0\dfbf1592-71b0-4fa8-8a38-75c748e57895\BenchmarkDotNet.Autogenerated.csproj", "{19ACC3EE-0DE4-45FE-B89A-2982E15A4609}"
EndProject
Project("{9A19103F-16F7-4668-BE54-9A1E7A4F7556}") = "BenchmarkDotNet.Autogenerated (1)", "benchmark\bin\Release\net7.0\984f4e71-bd9a-4723-99d2-2b82eed027b9\BenchmarkDotNet.Autogenerated.csproj", "{FB814C1D-1D04-4F74-B207-A223980A7D11}"
EndProject
Project("{9A19103F-16F7-4668-BE54-9A1E7A4F7556}") = "BenchmarkDotNet.Autogenerated (2)", "benchmark\bin\Release\net7.0\9c6d6db5-a2ed-4981-8b16-701aaa84a42b\BenchmarkDotNet.Autogenerated.csproj", "{84716562-A3A6-476F-8582-07AB95DB4BD5}"
EndProject
Project("{9A19103F-16F7-4668-BE54-9A1E7A4F7556}") = "BenchmarkDotNet.Autogenerated (3)", "benchmark\bin\Release\net7.0\90090881-7d41-439d-baea-2e83fdcedcd4\BenchmarkDotNet.Autogenerated.csproj", "{C149020F-0EB9-457B-BF9F-67323A9F6465}"
EndProject
Project("{2150E333-8FDC-42A3-9474-1A3956D46DE8}") = "net8.0", "net8.0", "{5561B031-C100-49CC-9F45-FD4DD92FE109}"
EndProject
Project("{9A19103F-16F7-4668-BE54-9A1E7A4F7556}") = "BenchmarkDotNet.Autogenerated", "benchmark\bin\Release\net8.0\f97044da-b17b-4e76-9424-14ed887239f5\BenchmarkDotNet.Autogenerated.csproj", "{FA2739A8-F24E-46FA-A845-73FDF0E3F778}"
EndProject
Project("{9A19103F-16F7-4668-BE54-9A1E7A4F7556}") = "BenchmarkDotNet.Autogenerated (1)", "benchmark\bin\Release\net8.0\fda4204c-be47-4316-aab7-6e87b43d5fbd\BenchmarkDotNet.Autogenerated.csproj", "{CF3B4FE3-ACFC-46E7-BF65-4B2FD243EE44}"
EndProject
Project("{9A19103F-16F7-4668-BE54-9A1E7A4F7556}") = "BenchmarkDotNet.Autogenerated (2)", "benchmark\bin\Release\net8.0\a9d0b6cc-f811-4f3d-a7db-af08e79a3843\BenchmarkDotNet.Autogenerated.csproj", "{C0D13896-B477-431C-89F0-0A3E4D93C507}"
EndProject
Project("{9A19103F-16F7-4668-BE54-9A1E7A4F7556}") = "BenchmarkDotNet.Autogenerated (3)", "benchmark\bin\Release\net8.0\78bf2077-5363-40d6-9089-203249e88441\BenchmarkDotNet.Autogenerated.csproj", "{FAABB478-7BE2-4699-B922-BDFD1E627540}"
EndProject
Project("{9A19103F-16F7-4668-BE54-9A1E7A4F7556}") = "BenchmarkDotNet.Autogenerated (4)", "benchmark\bin\Release\net8.0\44874fdc-bc03-44f8-9b49-cf1a963fd5fa\BenchmarkDotNet.Autogenerated.csproj", "{F4C27179-CA56-4EE8-ABA7-4D270EC9B255}"
EndProject
Global
	GlobalSection(SolutionConfigurationPlatforms) = preSolution
		Debug|Any CPU = Debug|Any CPU
		Release|Any CPU = Release|Any CPU
	EndGlobalSection
	GlobalSection(ProjectConfigurationPlatforms) = postSolution
		{C6E86BA3-79C4-40E4-AFC6-BAB6AC896277}.Debug|Any CPU.ActiveCfg = Debug|Any CPU
		{C6E86BA3-79C4-40E4-AFC6-BAB6AC896277}.Debug|Any CPU.Build.0 = Debug|Any CPU
		{C6E86BA3-79C4-40E4-AFC6-BAB6AC896277}.Release|Any CPU.ActiveCfg = Release|Any CPU
		{C6E86BA3-79C4-40E4-AFC6-BAB6AC896277}.Release|Any CPU.Build.0 = Release|Any CPU
		{22CED6F5-055D-45CC-BAFB-BA97AAA6DA81}.Debug|Any CPU.ActiveCfg = Debug|Any CPU
		{22CED6F5-055D-45CC-BAFB-BA97AAA6DA81}.Debug|Any CPU.Build.0 = Debug|Any CPU
		{22CED6F5-055D-45CC-BAFB-BA97AAA6DA81}.Release|Any CPU.ActiveCfg = Release|Any CPU
		{22CED6F5-055D-45CC-BAFB-BA97AAA6DA81}.Release|Any CPU.Build.0 = Release|Any CPU
		{9E52D52F-19CE-4E24-B70D-7FC9B2472465}.Debug|Any CPU.ActiveCfg = Debug|Any CPU
		{9E52D52F-19CE-4E24-B70D-7FC9B2472465}.Debug|Any CPU.Build.0 = Debug|Any CPU
		{9E52D52F-19CE-4E24-B70D-7FC9B2472465}.Release|Any CPU.ActiveCfg = Release|Any CPU
		{9E52D52F-19CE-4E24-B70D-7FC9B2472465}.Release|Any CPU.Build.0 = Release|Any CPU
		{19ACC3EE-0DE4-45FE-B89A-2982E15A4609}.Debug|Any CPU.ActiveCfg = Debug|Any CPU
		{19ACC3EE-0DE4-45FE-B89A-2982E15A4609}.Debug|Any CPU.Build.0 = Debug|Any CPU
		{19ACC3EE-0DE4-45FE-B89A-2982E15A4609}.Release|Any CPU.ActiveCfg = Release|Any CPU
		{19ACC3EE-0DE4-45FE-B89A-2982E15A4609}.Release|Any CPU.Build.0 = Release|Any CPU
		{FB814C1D-1D04-4F74-B207-A223980A7D11}.Debug|Any CPU.ActiveCfg = Debug|Any CPU
		{FB814C1D-1D04-4F74-B207-A223980A7D11}.Debug|Any CPU.Build.0 = Debug|Any CPU
		{FB814C1D-1D04-4F74-B207-A223980A7D11}.Release|Any CPU.ActiveCfg = Release|Any CPU
		{FB814C1D-1D04-4F74-B207-A223980A7D11}.Release|Any CPU.Build.0 = Release|Any CPU
		{84716562-A3A6-476F-8582-07AB95DB4BD5}.Debug|Any CPU.ActiveCfg = Debug|Any CPU
		{84716562-A3A6-476F-8582-07AB95DB4BD5}.Debug|Any CPU.Build.0 = Debug|Any CPU
		{84716562-A3A6-476F-8582-07AB95DB4BD5}.Release|Any CPU.ActiveCfg = Release|Any CPU
		{84716562-A3A6-476F-8582-07AB95DB4BD5}.Release|Any CPU.Build.0 = Release|Any CPU
		{C149020F-0EB9-457B-BF9F-67323A9F6465}.Debug|Any CPU.ActiveCfg = Debug|Any CPU
		{C149020F-0EB9-457B-BF9F-67323A9F6465}.Debug|Any CPU.Build.0 = Debug|Any CPU
		{C149020F-0EB9-457B-BF9F-67323A9F6465}.Release|Any CPU.ActiveCfg = Release|Any CPU
		{C149020F-0EB9-457B-BF9F-67323A9F6465}.Release|Any CPU.Build.0 = Release|Any CPU
		{FA2739A8-F24E-46FA-A845-73FDF0E3F778}.Debug|Any CPU.ActiveCfg = Debug|Any CPU
		{FA2739A8-F24E-46FA-A845-73FDF0E3F778}.Debug|Any CPU.Build.0 = Debug|Any CPU
		{FA2739A8-F24E-46FA-A845-73FDF0E3F778}.Release|Any CPU.ActiveCfg = Release|Any CPU
		{FA2739A8-F24E-46FA-A845-73FDF0E3F778}.Release|Any CPU.Build.0 = Release|Any CPU
		{CF3B4FE3-ACFC-46E7-BF65-4B2FD243EE44}.Debug|Any CPU.ActiveCfg = Debug|Any CPU
		{CF3B4FE3-ACFC-46E7-BF65-4B2FD243EE44}.Debug|Any CPU.Build.0 = Debug|Any CPU
		{CF3B4FE3-ACFC-46E7-BF65-4B2FD243EE44}.Release|Any CPU.ActiveCfg = Release|Any CPU
		{CF3B4FE3-ACFC-46E7-BF65-4B2FD243EE44}.Release|Any CPU.Build.0 = Release|Any CPU
		{C0D13896-B477-431C-89F0-0A3E4D93C507}.Debug|Any CPU.ActiveCfg = Debug|Any CPU
		{C0D13896-B477-431C-89F0-0A3E4D93C507}.Debug|Any CPU.Build.0 = Debug|Any CPU
		{C0D13896-B477-431C-89F0-0A3E4D93C507}.Release|Any CPU.ActiveCfg = Release|Any CPU
		{C0D13896-B477-431C-89F0-0A3E4D93C507}.Release|Any CPU.Build.0 = Release|Any CPU
		{FAABB478-7BE2-4699-B922-BDFD1E627540}.Debug|Any CPU.ActiveCfg = Debug|Any CPU
		{FAABB478-7BE2-4699-B922-BDFD1E627540}.Debug|Any CPU.Build.0 = Debug|Any CPU
		{FAABB478-7BE2-4699-B922-BDFD1E627540}.Release|Any CPU.ActiveCfg = Release|Any CPU
		{FAABB478-7BE2-4699-B922-BDFD1E627540}.Release|Any CPU.Build.0 = Release|Any CPU
		{F4C27179-CA56-4EE8-ABA7-4D270EC9B255}.Debug|Any CPU.ActiveCfg = Debug|Any CPU
		{F4C27179-CA56-4EE8-ABA7-4D270EC9B255}.Debug|Any CPU.Build.0 = Debug|Any CPU
		{F4C27179-CA56-4EE8-ABA7-4D270EC9B255}.Release|Any CPU.ActiveCfg = Release|Any CPU
		{F4C27179-CA56-4EE8-ABA7-4D270EC9B255}.Release|Any CPU.Build.0 = Release|Any CPU
	EndGlobalSection
	GlobalSection(SolutionProperties) = preSolution
		HideSolutionNode = FALSE
	EndGlobalSection
	GlobalSection(NestedProjects) = preSolution
		{2E348B52-AF82-4721-9F7C-052BC394C15F} = {736D1A0F-C335-4E0F-9E3A-A4DBF01140D9}
		{A1E569E3-72F1-42B0-AFDA-5CAFCF11DE32} = {2E348B52-AF82-4721-9F7C-052BC394C15F}
		{9B3ECF72-5A27-4421-B46D-9AD5BFEABD96} = {A1E569E3-72F1-42B0-AFDA-5CAFCF11DE32}
		{19ACC3EE-0DE4-45FE-B89A-2982E15A4609} = {9B3ECF72-5A27-4421-B46D-9AD5BFEABD96}
		{FB814C1D-1D04-4F74-B207-A223980A7D11} = {9B3ECF72-5A27-4421-B46D-9AD5BFEABD96}
		{84716562-A3A6-476F-8582-07AB95DB4BD5} = {9B3ECF72-5A27-4421-B46D-9AD5BFEABD96}
		{C149020F-0EB9-457B-BF9F-67323A9F6465} = {9B3ECF72-5A27-4421-B46D-9AD5BFEABD96}
		{5561B031-C100-49CC-9F45-FD4DD92FE109} = {A1E569E3-72F1-42B0-AFDA-5CAFCF11DE32}
		{FA2739A8-F24E-46FA-A845-73FDF0E3F778} = {5561B031-C100-49CC-9F45-FD4DD92FE109}
		{CF3B4FE3-ACFC-46E7-BF65-4B2FD243EE44} = {5561B031-C100-49CC-9F45-FD4DD92FE109}
		{C0D13896-B477-431C-89F0-0A3E4D93C507} = {5561B031-C100-49CC-9F45-FD4DD92FE109}
		{FAABB478-7BE2-4699-B922-BDFD1E627540} = {5561B031-C100-49CC-9F45-FD4DD92FE109}
		{F4C27179-CA56-4EE8-ABA7-4D270EC9B255} = {5561B031-C100-49CC-9F45-FD4DD92FE109}
	EndGlobalSection
	GlobalSection(ExtensibilityGlobals) = postSolution
		SolutionGuid = {D0C45400-304E-41FF-AB15-9A314251F09E}
	EndGlobalSection
EndGlobal
